
Microsoft Visual Studio Solution File, Format Version 12.00
# Visual Studio Version 17
VisualStudioVersion = 17.11.35327.3
MinimumVisualStudioVersion = 10.0.40219.1
Project("{FAE04EC0-301F-11D3-BF4B-00C04F79EFBC}") = "Stickly", "Stickly\Stickly.csproj", "{34E67617-2CB0-4E64-87C9-27F58C576881}"
EndProject
Global
	GlobalSection(SolutionConfigurationPlatforms) = preSolution
		Debug|Any CPU = Debug|Any CPU
		Release|Any CPU = Release|Any CPU
	EndGlobalSection
	GlobalSection(ProjectConfigurationPlatforms) = postSolution
		{34E67617-2CB0-4E64-87C9-27F58C576881}.Debug|Any CPU.ActiveCfg = Debug|Any CPU
		{34E67617-2CB0-4E64-87C9-27F58C576881}.Debug|Any CPU.Build.0 = Debug|Any CPU
		{34E67617-2CB0-4E64-87C9-27F58C576881}.Release|Any CPU.ActiveCfg = Release|Any CPU
		{34E67617-2CB0-4E64-87C9-27F58C576881}.Release|Any CPU.Build.0 = Release|Any CPU
	EndGlobalSection
	GlobalSection(SolutionProperties) = preSolution
		HideSolutionNode = FALSE
	EndGlobalSection
	GlobalSection(ExtensibilityGlobals) = postSolution
		SolutionGuid = {3AA12FD4-6289-423D-9EF0-87B6BA18C2B6}
	EndGlobalSection
EndGlobal
